{
  "nodes": {
    "emacs-community": {
      "inputs": {
        "nixpkgs": [
          "nixpkgs"
        ],
        "nixpkgs-stable": "nixpkgs-stable"
      },
      "locked": {
        "lastModified": 1744856187,
        "narHash": "sha256-uc2ds4xZrg3f8VHcyZzyF2s1tvLfysG9dxHTNRmTyvY=",
        "owner": "nix-community",
        "repo": "emacs-overlay",
        "rev": "896bc4ee7494db74a921559c2fc2771789f9296b",
        "type": "github"
      },
      "original": {
        "owner": "nix-community",
        "repo": "emacs-overlay",
        "type": "github"
      }
    },
    "nixpkgs": {
      "locked": {
        "lastModified": 1744916605,
        "narHash": "sha256-R+QpgXtT/nFp/57oPRjvdNOsFpEymzqJ/DnPOt0o5BI=",
        "owner": "nixos",
        "repo": "nixpkgs",
        "rev": "934034b7f676e542e0441d1c1087c1ac86b55033",
        "type": "github"
      },
      "original": {
        "owner": "nixos",
        "repo": "nixpkgs",
        "rev": "934034b7f676e542e0441d1c1087c1ac86b55033",
        "type": "github"
      }
    },
    "nixpkgs-stable": {
      "locked": {
        "lastModified": 1744440957,
        "narHash": "sha256-FHlSkNqFmPxPJvy+6fNLaNeWnF1lZSgqVCl/eWaJRc4=",
        "owner": "NixOS",
        "repo": "nixpkgs",
        "rev": "26d499fc9f1d567283d5d56fcf367edd815dba1d",
        "type": "github"
      },
      "original": {
        "owner": "NixOS",
        "ref": "nixos-24.11",
        "repo": "nixpkgs",
        "type": "github"
      }
    },
    "root": {
      "inputs": {
        "emacs-community": "emacs-community",
        "nixpkgs": "nixpkgs"
      }
    }
  },
  "root": "root",
  "version": 7
}
